PODS:
  - IQKeyboardManagerSwift (6.1.1)

DEPENDENCIES:
  - IQKeyboardManagerSwift

SPEC REPOS:
  https://github.com/CocoaPods/Specs.git:
    - IQKeyboardManagerSwift

SPEC CHECKSUMS:
  IQKeyboardManagerSwift: 977affaeb4d6e971975c7790a6850f31d38f1207

PODFILE CHECKSUM: c0cf18208cb335af8abdad9c11de5a96dee40819

COCOAPODS: 1.5.0
