// !$*UTF8*$!
{
	archiveVersion = 1;
	classes = {
	};
	objectVersion = 52;
	objects = {

/* Begin PBXBuildFile section */
		232A8B5D1FA6C5E700A76143 /* Assets.xcassets in Resources */ = {isa = PBXBuildFile; fileRef = 232A8B5C1FA6C5E700A76143 /* Assets.xcassets */; };
		232A8B6A1FA6CB6600A76143 /* MainTableViewCell.swift in Sources */ = {isa = PBXBuildFile; fileRef = 232A8B691FA6CB6600A76143 /* MainTableViewCell.swift */; };
		232A8B6C1FA6CF7900A76143 /* CalculatorUtilities.swift in Sources */ = {isa = PBXBuildFile; fileRef = 232A8B6B1FA6CF7900A76143 /* CalculatorUtilities.swift */; };
		D76E993A24DADCFD0005D424 /* UIView+Utils.swift in Sources */ = {isa = PBXBuildFile; fileRef = D76E993924DADCFD0005D424 /* UIView+Utils.swift */; };
		D76E993E24DADE590005D424 /* MainViewModel.swift in Sources */ = {isa = PBXBuildFile; fileRef = D76E993D24DADE590005D424 /* MainViewModel.swift */; };
		D76E994424DAF3DD0005D424 /* PurchasingPopupViewController.swift in Sources */ = {isa = PBXBuildFile; fileRef = D76E994124DAF3DD0005D424 /* PurchasingPopupViewController.swift */; };
		D76E994524DAF3DD0005D424 /* PurchasingPopupViewController.xib in Resources */ = {isa = PBXBuildFile; fileRef = D76E994224DAF3DD0005D424 /* PurchasingPopupViewController.xib */; };
		D76E994624DAF3DD0005D424 /* PurchasingPopupViewModel.swift in Sources */ = {isa = PBXBuildFile; fileRef = D76E994324DAF3DD0005D424 /* PurchasingPopupViewModel.swift */; };
		D76E994924DAF41B0005D424 /* BuildFile in Frameworks */ = {isa = PBXBuildFile; productRef = D76E994824DAF41B0005D424 /* SwiftPackageProductDependency */; };
		D76E994C24DAF50A0005D424 /* BuildFile in Frameworks */ = {isa = PBXBuildFile; productRef = D76E994B24DAF50A0005D424 /* SwiftPackageProductDependency */; };
		D76E994E24DAF57D0005D424 /* LoadingButton.swift in Sources */ = {isa = PBXBuildFile; fileRef = D76E994D24DAF57C0005D424 /* LoadingButton.swift */; };
		D76E995124DAF5A80005D424 /* HUDPresentable.swift in Sources */ = {isa = PBXBuildFile; fileRef = D76E994F24DAF5A70005D424 /* HUDPresentable.swift */; };
		D76E995224DAF5A80005D424 /* MessageDialogPresentable.swift in Sources */ = {isa = PBXBuildFile; fileRef = D76E995024DAF5A80005D424 /* MessageDialogPresentable.swift */; };
		D76E995424DAF6210005D424 /* GlobalKeychain.swift in Sources */ = {isa = PBXBuildFile; fileRef = D76E995324DAF6210005D424 /* GlobalKeychain.swift */; };
		D76E995724DAF6520005D424 /* KeychainKey.swift in Sources */ = {isa = PBXBuildFile; fileRef = D76E995624DAF6520005D424 /* KeychainKey.swift */; };
		F8416BCA24DB8360008267C6 /* Roboto-Medium.ttf in Resources */ = {isa = PBXBuildFile; fileRef = F8416BC624DB835F008267C6 /* Roboto-Medium.ttf */; };
		F8416BCB24DB8360008267C6 /* Roboto-Light.ttf in Resources */ = {isa = PBXBuildFile; fileRef = F8416BC724DB835F008267C6 /* Roboto-Light.ttf */; };
		F8416BCC24DB8360008267C6 /* Roboto-Regular.ttf in Resources */ = {isa = PBXBuildFile; fileRef = F8416BC824DB835F008267C6 /* Roboto-Regular.ttf */; };
		F8416BCD24DB8360008267C6 /* Roboto-Bold.ttf in Resources */ = {isa = PBXBuildFile; fileRef = F8416BC924DB835F008267C6 /* Roboto-Bold.ttf */; };
		F8416BCF24DB83B8008267C6 /* UIFont+Utils.swift in Sources */ = {isa = PBXBuildFile; fileRef = F8416BCE24DB83B8008267C6 /* UIFont+Utils.swift */; };
		FAB0CCB8223372CB00102A8F /* LaunchScreen.storyboard in Resources */ = {isa = PBXBuildFile; fileRef = FAB0CCB7223372CB00102A8F /* LaunchScreen.storyboard */; };
		FAB0CCBA223373CB00102A8F /* AdsUnit.swift in Sources */ = {isa = PBXBuildFile; fileRef = FAB0CCB9223373CB00102A8F /* AdsUnit.swift */; };
		FAB0CCBC2233772600102A8F /* AppDelegate.swift in Sources */ = {isa = PBXBuildFile; fileRef = 232A8B551FA6C5E700A76143 /* AppDelegate.swift */; };
		FAB0CCBD2233772800102A8F /* MainViewController.swift in Sources */ = {isa = PBXBuildFile; fileRef = 232A8B671FA6CA6200A76143 /* MainViewController.swift */; };
/* End PBXBuildFile section */

/* Begin PBXFileReference section */
		232A8B521FA6C5E700A76143 /* GCF & LCM Calculator.app */ = {isa = PBXFileReference; explicitFileType = wrapper.application; includeInIndex = 0; path = "GCF & LCM Calculator.app"; sourceTree = BUILT_PRODUCTS_DIR; };
		232A8B551FA6C5E700A76143 /* AppDelegate.swift */ = {isa = PBXFileReference; lastKnownFileType = sourcecode.swift; path = AppDelegate.swift; sourceTree = "<group>"; };
		232A8B5C1FA6C5E700A76143 /* Assets.xcassets */ = {isa = PBXFileReference; lastKnownFileType = folder.assetcatalog; path = Assets.xcassets; sourceTree = "<group>"; };
		232A8B611FA6C5E700A76143 /* Info.plist */ = {isa = PBXFileReference; lastKnownFileType = text.plist.xml; path = Info.plist; sourceTree = "<group>"; };
		232A8B671FA6CA6200A76143 /* MainViewController.swift */ = {isa = PBXFileReference; fileEncoding = 4; lastKnownFileType = sourcecode.swift; path = MainViewController.swift; sourceTree = "<group>"; };
		232A8B691FA6CB6600A76143 /* MainTableViewCell.swift */ = {isa = PBXFileReference; fileEncoding = 4; lastKnownFileType = sourcecode.swift; path = MainTableViewCell.swift; sourceTree = "<group>"; };
		232A8B6B1FA6CF7900A76143 /* CalculatorUtilities.swift */ = {isa = PBXFileReference; fileEncoding = 4; lastKnownFileType = sourcecode.swift; path = CalculatorUtilities.swift; sourceTree = "<group>"; };
		D76E993924DADCFD0005D424 /* UIView+Utils.swift */ = {isa = PBXFileReference; lastKnownFileType = sourcecode.swift; path = "UIView+Utils.swift"; sourceTree = "<group>"; };
		D76E993D24DADE590005D424 /* MainViewModel.swift */ = {isa = PBXFileReference; lastKnownFileType = sourcecode.swift; path = MainViewModel.swift; sourceTree = "<group>"; };
		D76E994124DAF3DD0005D424 /* PurchasingPopupViewController.swift */ = {isa = PBXFileReference; fileEncoding = 4; lastKnownFileType = sourcecode.swift; path = PurchasingPopupViewController.swift; sourceTree = "<group>"; };
		D76E994224DAF3DD0005D424 /* PurchasingPopupViewController.xib */ = {isa = PBXFileReference; fileEncoding = 4; lastKnownFileType = file.xib; path = PurchasingPopupViewController.xib; sourceTree = "<group>"; };
		D76E994324DAF3DD0005D424 /* PurchasingPopupViewModel.swift */ = {isa = PBXFileReference; fileEncoding = 4; lastKnownFileType = sourcecode.swift; path = PurchasingPopupViewModel.swift; sourceTree = "<group>"; };
		D76E994D24DAF57C0005D424 /* LoadingButton.swift */ = {isa = PBXFileReference; fileEncoding = 4; lastKnownFileType = sourcecode.swift; path = LoadingButton.swift; sourceTree = "<group>"; };
		D76E994F24DAF5A70005D424 /* HUDPresentable.swift */ = {isa = PBXFileReference; fileEncoding = 4; lastKnownFileType = sourcecode.swift; path = HUDPresentable.swift; sourceTree = "<group>"; };
		D76E995024DAF5A80005D424 /* MessageDialogPresentable.swift */ = {isa = PBXFileReference; fileEncoding = 4; lastKnownFileType = sourcecode.swift; path = MessageDialogPresentable.swift; sourceTree = "<group>"; };
		D76E995324DAF6210005D424 /* GlobalKeychain.swift */ = {isa = PBXFileReference; fileEncoding = 4; lastKnownFileType = sourcecode.swift; path = GlobalKeychain.swift; sourceTree = "<group>"; };
		D76E995624DAF6520005D424 /* KeychainKey.swift */ = {isa = PBXFileReference; fileEncoding = 4; lastKnownFileType = sourcecode.swift; path = KeychainKey.swift; sourceTree = "<group>"; };
		F8416BC624DB835F008267C6 /* Roboto-Medium.ttf */ = {isa = PBXFileReference; lastKnownFileType = file; path = "Roboto-Medium.ttf"; sourceTree = "<group>"; };
		F8416BC724DB835F008267C6 /* Roboto-Light.ttf */ = {isa = PBXFileReference; lastKnownFileType = file; path = "Roboto-Light.ttf"; sourceTree = "<group>"; };
		F8416BC824DB835F008267C6 /* Roboto-Regular.ttf */ = {isa = PBXFileReference; lastKnownFileType = file; path = "Roboto-Regular.ttf"; sourceTree = "<group>"; };
		F8416BC924DB835F008267C6 /* Roboto-Bold.ttf */ = {isa = PBXFileReference; lastKnownFileType = file; path = "Roboto-Bold.ttf"; sourceTree = "<group>"; };
		F8416BCE24DB83B8008267C6 /* UIFont+Utils.swift */ = {isa = PBXFileReference; fileEncoding = 4; lastKnownFileType = sourcecode.swift; path = "UIFont+Utils.swift"; sourceTree = "<group>"; };
		FAB0CCB7223372CB00102A8F /* LaunchScreen.storyboard */ = {isa = PBXFileReference; fileEncoding = 4; lastKnownFileType = file.storyboard; path = LaunchScreen.storyboard; sourceTree = "<group>"; };
		FAB0CCB9223373CB00102A8F /* AdsUnit.swift */ = {isa = PBXFileReference; lastKnownFileType = sourcecode.swift; path = AdsUnit.swift; sourceTree = "<group>"; };
/* End PBXFileReference section */

/* Begin PBXFrameworksBuildPhase section */
		232A8B4F1FA6C5E700A76143 /* Frameworks */ = {
			isa = PBXFrameworksBuildPhase;
			buildActionMask = 2147483647;
			files = (
				D76E994C24DAF50A0005D424 /* BuildFile in Frameworks */,
				D76E994924DAF41B0005D424 /* BuildFile in Frameworks */,
			);
			runOnlyForDeploymentPostprocessing = 0;
		};
/* End PBXFrameworksBuildPhase section */

/* Begin PBXGroup section */
		232A8B491FA6C5E700A76143 = {
			isa = PBXGroup;
			children = (
				232A8B541FA6C5E700A76143 /* GCF & GCM Calculator++ */,
				232A8B531FA6C5E700A76143 /* Products */,
				C822051CC48ECB8809DFA71C /* Pods */,
			);
			sourceTree = "<group>";
		};
		232A8B531FA6C5E700A76143 /* Products */ = {
			isa = PBXGroup;
			children = (
				232A8B521FA6C5E700A76143 /* GCF & LCM Calculator.app */,
			);
			name = Products;
			sourceTree = "<group>";
		};
		232A8B541FA6C5E700A76143 /* GCF & GCM Calculator++ */ = {
			isa = PBXGroup;
			children = (
				232A8B611FA6C5E700A76143 /* Info.plist */,
				FAB0CCB7223372CB00102A8F /* LaunchScreen.storyboard */,
				FAB0CCB9223373CB00102A8F /* AdsUnit.swift */,
				232A8B551FA6C5E700A76143 /* AppDelegate.swift */,
				FAB0CCC22233DAF900102A8F /* Controllers */,
				D76E995524DAF6480005D424 /* Models */,
				F8416BC424DB833F008267C6 /* Resources */,
				D76E993724DADCE10005D424 /* Utils */,
			);
			path = "GCF & GCM Calculator++";
			sourceTree = "<group>";
		};
		C822051CC48ECB8809DFA71C /* Pods */ = {
			isa = PBXGroup;
			children = (
			);
			path = Pods;
			sourceTree = "<group>";
		};
		D76E993724DADCE10005D424 /* Utils */ = {
			isa = PBXGroup;
			children = (
				D76E993F24DADF6A0005D424 /* NonUI */,
				D76E993824DADCEC0005D424 /* UI */,
			);
			path = Utils;
			sourceTree = "<group>";
		};
		D76E993824DADCEC0005D424 /* UI */ = {
			isa = PBXGroup;
			children = (
				D76E994F24DAF5A70005D424 /* HUDPresentable.swift */,
				D76E995024DAF5A80005D424 /* MessageDialogPresentable.swift */,
				D76E994D24DAF57C0005D424 /* LoadingButton.swift */,
				D76E993924DADCFD0005D424 /* UIView+Utils.swift */,
				F8416BCE24DB83B8008267C6 /* UIFont+Utils.swift */,
			);
			path = UI;
			sourceTree = "<group>";
		};
		D76E993F24DADF6A0005D424 /* NonUI */ = {
			isa = PBXGroup;
			children = (
				D76E995324DAF6210005D424 /* GlobalKeychain.swift */,
				232A8B6B1FA6CF7900A76143 /* CalculatorUtilities.swift */,
			);
			path = NonUI;
			sourceTree = "<group>";
		};
		D76E994024DAF3DD0005D424 /* PurchasingPopupViewController */ = {
			isa = PBXGroup;
			children = (
				D76E994124DAF3DD0005D424 /* PurchasingPopupViewController.swift */,
				D76E994224DAF3DD0005D424 /* PurchasingPopupViewController.xib */,
				D76E994324DAF3DD0005D424 /* PurchasingPopupViewModel.swift */,
			);
			path = PurchasingPopupViewController;
			sourceTree = "<group>";
		};
		D76E995524DAF6480005D424 /* Models */ = {
			isa = PBXGroup;
			children = (
				D76E995624DAF6520005D424 /* KeychainKey.swift */,
			);
			path = Models;
			sourceTree = "<group>";
		};
		F8416BC424DB833F008267C6 /* Resources */ = {
			isa = PBXGroup;
			children = (
				F8416BC524DB835F008267C6 /* Fonts */,
				232A8B5C1FA6C5E700A76143 /* Assets.xcassets */,
			);
			path = Resources;
			sourceTree = "<group>";
		};
		F8416BC524DB835F008267C6 /* Fonts */ = {
			isa = PBXGroup;
			children = (
				F8416BC624DB835F008267C6 /* Roboto-Medium.ttf */,
				F8416BC724DB835F008267C6 /* Roboto-Light.ttf */,
				F8416BC824DB835F008267C6 /* Roboto-Regular.ttf */,
				F8416BC924DB835F008267C6 /* Roboto-Bold.ttf */,
			);
			path = Fonts;
			sourceTree = "<group>";
		};
		FA14C5852234C2090044A026 /* Main */ = {
			isa = PBXGroup;
			children = (
				232A8B671FA6CA6200A76143 /* MainViewController.swift */,
				232A8B691FA6CB6600A76143 /* MainTableViewCell.swift */,
				D76E993D24DADE590005D424 /* MainViewModel.swift */,
			);
			path = Main;
			sourceTree = "<group>";
		};
		FAB0CCC22233DAF900102A8F /* Controllers */ = {
			isa = PBXGroup;
			children = (
				D76E994024DAF3DD0005D424 /* PurchasingPopupViewController */,
				FA14C5852234C2090044A026 /* Main */,
			);
			path = Controllers;
			sourceTree = "<group>";
		};
/* End PBXGroup section */

/* Begin PBXNativeTarget section */
		232A8B511FA6C5E700A76143 /* GCF & LCM Calculator */ = {
			isa = PBXNativeTarget;
			buildConfigurationList = 232A8B641FA6C5E700A76143 /* Build configuration list for PBXNativeTarget "GCF & LCM Calculator" */;
			buildPhases = (
				232A8B4E1FA6C5E700A76143 /* Sources */,
				232A8B4F1FA6C5E700A76143 /* Frameworks */,
				232A8B501FA6C5E700A76143 /* Resources */,
			);
			buildRules = (
			);
			dependencies = (
			);
			name = "GCF & LCM Calculator";
			packageProductDependencies = (
				D76E994824DAF41B0005D424 /* SwiftPackageProductDependency */,
				D76E994B24DAF50A0005D424 /* SwiftPackageProductDependency */,
			);
			productName = "GCF & GCM Calculator++";
			productReference = 232A8B521FA6C5E700A76143 /* GCF & LCM Calculator.app */;
			productType = "com.apple.product-type.application";
		};
/* End PBXNativeTarget section */

/* Begin PBXProject section */
		232A8B4A1FA6C5E700A76143 /* Project object */ = {
			isa = PBXProject;
			attributes = {
				LastSwiftUpdateCheck = 0830;
				LastUpgradeCheck = 1000;
				ORGANIZATIONNAME = DaiTranDev;
				TargetAttributes = {
					232A8B511FA6C5E700A76143 = {
						CreatedOnToolsVersion = 8.3.3;
						DevelopmentTeam = B8SW848K42;
						LastSwiftMigration = 1020;
						ProvisioningStyle = Automatic;
					};
				};
			};
			buildConfigurationList = 232A8B4D1FA6C5E700A76143 /* Build configuration list for PBXProject "GCF & LCM Calculator" */;
			compatibilityVersion = "Xcode 3.2";
			developmentRegion = en;
			hasScannedForEncodings = 0;
			knownRegions = (
				en,
				Base,
			);
			mainGroup = 232A8B491FA6C5E700A76143;
			packageReferences = (
				D76E994724DAF41B0005D424 /* RemoteSwiftPackageReference */,
				D76E994A24DAF50A0005D424 /* RemoteSwiftPackageReference */,
			);
			productRefGroup = 232A8B531FA6C5E700A76143 /* Products */;
			projectDirPath = "";
			projectRoot = "";
			targets = (
				232A8B511FA6C5E700A76143 /* GCF & LCM Calculator */,
			);
		};
/* End PBXProject section */

/* Begin PBXResourcesBuildPhase section */
		232A8B501FA6C5E700A76143 /* Resources */ = {
			isa = PBXResourcesBuildPhase;
			buildActionMask = 2147483647;
			files = (
				F8416BCD24DB8360008267C6 /* Roboto-Bold.ttf in Resources */,
				F8416BCC24DB8360008267C6 /* Roboto-Regular.ttf in Resources */,
				F8416BCA24DB8360008267C6 /* Roboto-Medium.ttf in Resources */,
				D76E994524DAF3DD0005D424 /* PurchasingPopupViewController.xib in Resources */,
				F8416BCB24DB8360008267C6 /* Roboto-Light.ttf in Resources */,
				FAB0CCB8223372CB00102A8F /* LaunchScreen.storyboard in Resources */,
				232A8B5D1FA6C5E700A76143 /* Assets.xcassets in Resources */,
			);
			runOnlyForDeploymentPostprocessing = 0;
		};
/* End PBXResourcesBuildPhase section */

/* Begin PBXSourcesBuildPhase section */
		232A8B4E1FA6C5E700A76143 /* Sources */ = {
			isa = PBXSourcesBuildPhase;
			buildActionMask = 2147483647;
			files = (
				D76E995424DAF6210005D424 /* GlobalKeychain.swift in Sources */,
				F8416BCF24DB83B8008267C6 /* UIFont+Utils.swift in Sources */,
				232A8B6A1FA6CB6600A76143 /* MainTableViewCell.swift in Sources */,
				D76E995124DAF5A80005D424 /* HUDPresentable.swift in Sources */,
				232A8B6C1FA6CF7900A76143 /* CalculatorUtilities.swift in Sources */,
				D76E994E24DAF57D0005D424 /* LoadingButton.swift in Sources */,
				FAB0CCBD2233772800102A8F /* MainViewController.swift in Sources */,
				D76E993A24DADCFD0005D424 /* UIView+Utils.swift in Sources */,
				FAB0CCBC2233772600102A8F /* AppDelegate.swift in Sources */,
				D76E995224DAF5A80005D424 /* MessageDialogPresentable.swift in Sources */,
				D76E995724DAF6520005D424 /* KeychainKey.swift in Sources */,
				D76E994624DAF3DD0005D424 /* PurchasingPopupViewModel.swift in Sources */,
				D76E994424DAF3DD0005D424 /* PurchasingPopupViewController.swift in Sources */,
				FAB0CCBA223373CB00102A8F /* AdsUnit.swift in Sources */,
				D76E993E24DADE590005D424 /* MainViewModel.swift in Sources */,
			);
			runOnlyForDeploymentPostprocessing = 0;
		};
/* End PBXSourcesBuildPhase section */

/* Begin XCBuildConfiguration section */
		232A8B621FA6C5E700A76143 /* Debug */ = {
			isa = XCBuildConfiguration;
			buildSettings = {
				ALWAYS_SEARCH_USER_PATHS = NO;
				CLANG_ANALYZER_LOCALIZABILITY_NONLOCALIZED = YES;
				CLANG_ANALYZER_NONNULL = YES;
				CLANG_ANALYZER_NUMBER_OBJECT_CONVERSION = YES_AGGRESSIVE;
				CLANG_CXX_LANGUAGE_STANDARD = "gnu++0x";
				CLANG_CXX_LIBRARY = "libc++";
				CLANG_ENABLE_MODULES = YES;
				CLANG_ENABLE_OBJC_ARC = YES;
				CLANG_WARN_BLOCK_CAPTURE_AUTORELEASING = YES;
				CLANG_WARN_BOOL_CONVERSION = YES;
				CLANG_WARN_COMMA = YES;
				CLANG_WARN_CONSTANT_CONVERSION = YES;
				CLANG_WARN_DEPRECATED_OBJC_IMPLEMENTATIONS = YES;
				CLANG_WARN_DIRECT_OBJC_ISA_USAGE = YES_ERROR;
				CLANG_WARN_DOCUMENTATION_COMMENTS = YES;
				CLANG_WARN_EMPTY_BODY = YES;
				CLANG_WARN_ENUM_CONVERSION = YES;
				CLANG_WARN_INFINITE_RECURSION = YES;
				CLANG_WARN_INT_CONVERSION = YES;
				CLANG_WARN_NON_LITERAL_NULL_CONVERSION = YES;
				CLANG_WARN_OBJC_IMPLICIT_RETAIN_SELF = YES;
				CLANG_WARN_OBJC_LITERAL_CONVERSION = YES;
				CLANG_WARN_OBJC_ROOT_CLASS = YES_ERROR;
				CLANG_WARN_RANGE_LOOP_ANALYSIS = YES;
				CLANG_WARN_STRICT_PROTOTYPES = YES;
				CLANG_WARN_SUSPICIOUS_MOVE = YES;
				CLANG_WARN_UNREACHABLE_CODE = YES;
				CLANG_WARN__DUPLICATE_METHOD_MATCH = YES;
				"CODE_SIGN_IDENTITY[sdk=iphoneos*]" = "iPhone Developer";
				COPY_PHASE_STRIP = NO;
				DEBUG_INFORMATION_FORMAT = dwarf;
				ENABLE_STRICT_OBJC_MSGSEND = YES;
				ENABLE_TESTABILITY = YES;
				GCC_C_LANGUAGE_STANDARD = gnu99;
				GCC_DYNAMIC_NO_PIC = NO;
				GCC_NO_COMMON_BLOCKS = YES;
				GCC_OPTIMIZATION_LEVEL = 0;
				GCC_PREPROCESSOR_DEFINITIONS = (
					"DEBUG=1",
					"$(inherited)",
				);
				GCC_WARN_64_TO_32_BIT_CONVERSION = YES;
				GCC_WARN_ABOUT_RETURN_TYPE = YES_ERROR;
				GCC_WARN_UNDECLARED_SELECTOR = YES;
				GCC_WARN_UNINITIALIZED_AUTOS = YES_AGGRESSIVE;
				GCC_WARN_UNUSED_FUNCTION = YES;
				GCC_WARN_UNUSED_VARIABLE = YES;
				IPHONEOS_DEPLOYMENT_TARGET = 9.0;
				MTL_ENABLE_DEBUG_INFO = YES;
				ONLY_ACTIVE_ARCH = YES;
				SDKROOT = iphoneos;
				SWIFT_ACTIVE_COMPILATION_CONDITIONS = DEBUG;
				SWIFT_OPTIMIZATION_LEVEL = "-Onone";
				TARGETED_DEVICE_FAMILY = "1,2";
			};
			name = Debug;
		};
		232A8B631FA6C5E700A76143 /* Release */ = {
			isa = XCBuildConfiguration;
			buildSettings = {
				ALWAYS_SEARCH_USER_PATHS = NO;
				CLANG_ANALYZER_LOCALIZABILITY_NONLOCALIZED = YES;
				CLANG_ANALYZER_NONNULL = YES;
				CLANG_ANALYZER_NUMBER_OBJECT_CONVERSION = YES_AGGRESSIVE;
				CLANG_CXX_LANGUAGE_STANDARD = "gnu++0x";
				CLANG_CXX_LIBRARY = "libc++";
				CLANG_ENABLE_MODULES = YES;
				CLANG_ENABLE_OBJC_ARC = YES;
				CLANG_WARN_BLOCK_CAPTURE_AUTORELEASING = YES;
				CLANG_WARN_BOOL_CONVERSION = YES;
				CLANG_WARN_COMMA = YES;
				CLANG_WARN_CONSTANT_CONVERSION = YES;
				CLANG_WARN_DEPRECATED_OBJC_IMPLEMENTATIONS = YES;
				CLANG_WARN_DIRECT_OBJC_ISA_USAGE = YES_ERROR;
				CLANG_WARN_DOCUMENTATION_COMMENTS = YES;
				CLANG_WARN_EMPTY_BODY = YES;
				CLANG_WARN_ENUM_CONVERSION = YES;
				CLANG_WARN_INFINITE_RECURSION = YES;
				CLANG_WARN_INT_CONVERSION = YES;
				CLANG_WARN_NON_LITERAL_NULL_CONVERSION = YES;
				CLANG_WARN_OBJC_IMPLICIT_RETAIN_SELF = YES;
				CLANG_WARN_OBJC_LITERAL_CONVERSION = YES;
				CLANG_WARN_OBJC_ROOT_CLASS = YES_ERROR;
				CLANG_WARN_RANGE_LOOP_ANALYSIS = YES;
				CLANG_WARN_STRICT_PROTOTYPES = YES;
				CLANG_WARN_SUSPICIOUS_MOVE = YES;
				CLANG_WARN_UNREACHABLE_CODE = YES;
				CLANG_WARN__DUPLICATE_METHOD_MATCH = YES;
				"CODE_SIGN_IDENTITY[sdk=iphoneos*]" = "iPhone Developer";
				COPY_PHASE_STRIP = NO;
				DEBUG_INFORMATION_FORMAT = "dwarf-with-dsym";
				ENABLE_NS_ASSERTIONS = NO;
				ENABLE_STRICT_OBJC_MSGSEND = YES;
				GCC_C_LANGUAGE_STANDARD = gnu99;
				GCC_NO_COMMON_BLOCKS = YES;
				GCC_WARN_64_TO_32_BIT_CONVERSION = YES;
				GCC_WARN_ABOUT_RETURN_TYPE = YES_ERROR;
				GCC_WARN_UNDECLARED_SELECTOR = YES;
				GCC_WARN_UNINITIALIZED_AUTOS = YES_AGGRESSIVE;
				GCC_WARN_UNUSED_FUNCTION = YES;
				GCC_WARN_UNUSED_VARIABLE = YES;
				IPHONEOS_DEPLOYMENT_TARGET = 9.0;
				MTL_ENABLE_DEBUG_INFO = NO;
				SDKROOT = iphoneos;
				SWIFT_COMPILATION_MODE = wholemodule;
				SWIFT_OPTIMIZATION_LEVEL = "-O";
				TARGETED_DEVICE_FAMILY = "1,2";
				VALIDATE_PRODUCT = YES;
			};
			name = Release;
		};
		232A8B651FA6C5E700A76143 /* Debug */ = {
			isa = XCBuildConfiguration;
			buildSettings = {
				ASSETCATALOG_COMPILER_APPICON_NAME = AppIcon;
				DEVELOPMENT_TEAM = B8SW848K42;
				ENABLE_BITCODE = YES;
				FRAMEWORK_SEARCH_PATHS = (
					"$(inherited)",
					"$(PROJECT_DIR)",
				);
				INFOPLIST_FILE = "GCF & GCM Calculator++/Info.plist";
				IPHONEOS_DEPLOYMENT_TARGET = 9.0;
				LD_RUNPATH_SEARCH_PATHS = (
					"$(inherited)",
					"@executable_path/Frameworks",
				);
				MARKETING_VERSION = 1.0.5;
				PRODUCT_BUNDLE_IDENTIFIER = "com.DaiTranDev.GCF-LCM";
				PRODUCT_NAME = "$(TARGET_NAME)";
				SWIFT_VERSION = 5.0;
			};
			name = Debug;
		};
		232A8B661FA6C5E700A76143 /* Release */ = {
			isa = XCBuildConfiguration;
			buildSettings = {
				ASSETCATALOG_COMPILER_APPICON_NAME = AppIcon;
				DEVELOPMENT_TEAM = B8SW848K42;
				ENABLE_BITCODE = YES;
				FRAMEWORK_SEARCH_PATHS = (
					"$(inherited)",
					"$(PROJECT_DIR)",
				);
				INFOPLIST_FILE = "GCF & GCM Calculator++/Info.plist";
				IPHONEOS_DEPLOYMENT_TARGET = 9.0;
				LD_RUNPATH_SEARCH_PATHS = (
					"$(inherited)",
					"@executable_path/Frameworks",
				);
				MARKETING_VERSION = 1.0.5;
				PRODUCT_BUNDLE_IDENTIFIER = "com.DaiTranDev.GCF-LCM";
				PRODUCT_NAME = "$(TARGET_NAME)";
				SWIFT_ACTIVE_COMPILATION_CONDITIONS = RELEASE;
				SWIFT_VERSION = 5.0;
			};
			name = Release;
		};
/* End XCBuildConfiguration section */

/* Begin XCConfigurationList section */
		232A8B4D1FA6C5E700A76143 /* Build configuration list for PBXProject "GCF & LCM Calculator" */ = {
			isa = XCConfigurationList;
			buildConfigurations = (
				232A8B621FA6C5E700A76143 /* Debug */,
				232A8B631FA6C5E700A76143 /* Release */,
			);
			defaultConfigurationIsVisible = 0;
			defaultConfigurationName = Release;
		};
		232A8B641FA6C5E700A76143 /* Build configuration list for PBXNativeTarget "GCF & LCM Calculator" */ = {
			isa = XCConfigurationList;
			buildConfigurations = (
				232A8B651FA6C5E700A76143 /* Debug */,
				232A8B661FA6C5E700A76143 /* Release */,
			);
			defaultConfigurationIsVisible = 0;
			defaultConfigurationName = Release;
		};
/* End XCConfigurationList section */

/* Begin XCRemoteSwiftPackageReference section */
		D76E994724DAF41B0005D424 /* RemoteSwiftPackageReference */ = {
			isa = XCRemoteSwiftPackageReference;
			repositoryURL = "https://github.com/bizz84/SwiftyStoreKit";
			requirement = {
				kind = upToNextMajorVersion;
				minimumVersion = 0.16.1;
			};
		};
		D76E994A24DAF50A0005D424 /* RemoteSwiftPackageReference */ = {
			isa = XCRemoteSwiftPackageReference;
			repositoryURL = "https://github.com/evgenyneu/keychain-swift.git";
			requirement = {
				kind = upToNextMajorVersion;
				minimumVersion = 19.0.0;
			};
		};
/* End XCRemoteSwiftPackageReference section */

/* Begin XCSwiftPackageProductDependency section */
		D76E994824DAF41B0005D424 /* SwiftPackageProductDependency */ = {
			isa = XCSwiftPackageProductDependency;
			package = D76E994724DAF41B0005D424 /* RemoteSwiftPackageReference */;
			productName = SwiftyStoreKit;
		};
		D76E994B24DAF50A0005D424 /* SwiftPackageProductDependency */ = {
			isa = XCSwiftPackageProductDependency;
			package = D76E994A24DAF50A0005D424 /* RemoteSwiftPackageReference */;
			productName = KeychainSwift;
		};
/* End XCSwiftPackageProductDependency section */
	};
	rootObject = 232A8B4A1FA6C5E700A76143 /* Project object */;
}
