// !$*UTF8*$!
{
	archiveVersion = 1;
	classes = {
	};
	objectVersion = 46;
	objects = {

/* Begin PBXBuildFile section */
		232A8B561FA6C5E700A76143 /* AppDelegate.swift in Sources */ = {isa = PBXBuildFile; fileRef = 232A8B551FA6C5E700A76143 /* AppDelegate.swift */; };
		232A8B5D1FA6C5E700A76143 /* Assets.xcassets in Resources */ = {isa = PBXBuildFile; fileRef = 232A8B5C1FA6C5E700A76143 /* Assets.xcassets */; };
		232A8B681FA6CA6200A76143 /* MainViewController.swift in Sources */ = {isa = PBXBuildFile; fileRef = 232A8B671FA6CA6200A76143 /* MainViewController.swift */; };
		232A8B6A1FA6CB6600A76143 /* MainTableViewCell.swift in Sources */ = {isa = PBXBuildFile; fileRef = 232A8B691FA6CB6600A76143 /* MainTableViewCell.swift */; };
		232A8B6C1FA6CF7900A76143 /* CalculatorUtilities.swift in Sources */ = {isa = PBXBuildFile; fileRef = 232A8B6B1FA6CF7900A76143 /* CalculatorUtilities.swift */; };
		23C135471FA86B6400659196 /* LaunchScreen.storyboard in Resources */ = {isa = PBXBuildFile; fileRef = 23C135451FA86B6400659196 /* LaunchScreen.storyboard */; };
		23C1354A1FA86B9E00659196 /* Main.storyboard in Resources */ = {isa = PBXBuildFile; fileRef = 23C135481FA86B9E00659196 /* Main.storyboard */; };
		23D6D8A81FA9B93B00243F5D /* GoogleMobileAds.framework in Frameworks */ = {isa = PBXBuildFile; fileRef = 23D6D8A71FA9B93B00243F5D /* GoogleMobileAds.framework */; };
		23E9140F1FA7035E00F79C0E /* HomeViewController.swift in Sources */ = {isa = PBXBuildFile; fileRef = 23E9140E1FA7035E00F79C0E /* HomeViewController.swift */; };
		23E914141FA714D200F79C0E /* InfoPlist.strings in Resources */ = {isa = PBXBuildFile; fileRef = 23E914161FA714D200F79C0E /* InfoPlist.strings */; };
		23E914171FA714D700F79C0E /* Localizable.strings in Resources */ = {isa = PBXBuildFile; fileRef = 23E914191FA714D700F79C0E /* Localizable.strings */; };
		23E914621FA7248600F79C0E /* TPKeyboardAvoidingCollectionView.m in Sources */ = {isa = PBXBuildFile; fileRef = 23E9145B1FA7248600F79C0E /* TPKeyboardAvoidingCollectionView.m */; };
		23E914631FA7248600F79C0E /* TPKeyboardAvoidingScrollView.m in Sources */ = {isa = PBXBuildFile; fileRef = 23E9145D1FA7248600F79C0E /* TPKeyboardAvoidingScrollView.m */; };
		23E914641FA7248600F79C0E /* TPKeyboardAvoidingTableView.m in Sources */ = {isa = PBXBuildFile; fileRef = 23E9145F1FA7248600F79C0E /* TPKeyboardAvoidingTableView.m */; };
		23E914651FA7248600F79C0E /* UIScrollView+TPKeyboardAvoidingAdditions.m in Sources */ = {isa = PBXBuildFile; fileRef = 23E914611FA7248600F79C0E /* UIScrollView+TPKeyboardAvoidingAdditions.m */; };
/* End PBXBuildFile section */

/* Begin PBXFileReference section */
		232A8B521FA6C5E700A76143 /* GCF & GCM Calculator++.app */ = {isa = PBXFileReference; explicitFileType = wrapper.application; includeInIndex = 0; path = "GCF & GCM Calculator++.app"; sourceTree = BUILT_PRODUCTS_DIR; };
		232A8B551FA6C5E700A76143 /* AppDelegate.swift */ = {isa = PBXFileReference; lastKnownFileType = sourcecode.swift; path = AppDelegate.swift; sourceTree = "<group>"; };
		232A8B5C1FA6C5E700A76143 /* Assets.xcassets */ = {isa = PBXFileReference; lastKnownFileType = folder.assetcatalog; path = Assets.xcassets; sourceTree = "<group>"; };
		232A8B611FA6C5E700A76143 /* Info.plist */ = {isa = PBXFileReference; lastKnownFileType = text.plist.xml; path = Info.plist; sourceTree = "<group>"; };
		232A8B671FA6CA6200A76143 /* MainViewController.swift */ = {isa = PBXFileReference; fileEncoding = 4; lastKnownFileType = sourcecode.swift; path = MainViewController.swift; sourceTree = "<group>"; };
		232A8B691FA6CB6600A76143 /* MainTableViewCell.swift */ = {isa = PBXFileReference; fileEncoding = 4; lastKnownFileType = sourcecode.swift; path = MainTableViewCell.swift; sourceTree = "<group>"; };
		232A8B6B1FA6CF7900A76143 /* CalculatorUtilities.swift */ = {isa = PBXFileReference; fileEncoding = 4; lastKnownFileType = sourcecode.swift; path = CalculatorUtilities.swift; sourceTree = "<group>"; };
		23C135211FA868A200659196 /* en */ = {isa = PBXFileReference; lastKnownFileType = text.plist.strings; name = en; path = "GCF & GCM Calculator++/en.lproj/Localizable.strings"; sourceTree = "<group>"; };
		23C135221FA868F900659196 /* en */ = {isa = PBXFileReference; lastKnownFileType = text.plist.strings; name = en; path = "GCF & GCM Calculator++/en.lproj/InfoPlist.strings"; sourceTree = "<group>"; };
		23C135231FA8690700659196 /* de */ = {isa = PBXFileReference; lastKnownFileType = text.plist.strings; name = de; path = "GCF & GCM Calculator++/de.lproj/InfoPlist.strings"; sourceTree = "<group>"; };
		23C135241FA8691400659196 /* id */ = {isa = PBXFileReference; lastKnownFileType = text.plist.strings; name = id; path = "GCF & GCM Calculator++/id.lproj/InfoPlist.strings"; sourceTree = "<group>"; };
		23C135251FA8692600659196 /* it */ = {isa = PBXFileReference; lastKnownFileType = text.plist.strings; name = it; path = "GCF & GCM Calculator++/it.lproj/InfoPlist.strings"; sourceTree = "<group>"; };
		23C135261FA8692800659196 /* ja */ = {isa = PBXFileReference; lastKnownFileType = text.plist.strings; name = ja; path = "GCF & GCM Calculator++/ja.lproj/InfoPlist.strings"; sourceTree = "<group>"; };
		23C135271FA8692900659196 /* ko */ = {isa = PBXFileReference; lastKnownFileType = text.plist.strings; name = ko; path = "GCF & GCM Calculator++/ko.lproj/InfoPlist.strings"; sourceTree = "<group>"; };
		23C135281FA8692B00659196 /* pt */ = {isa = PBXFileReference; lastKnownFileType = text.plist.strings; name = pt; path = "GCF & GCM Calculator++/pt.lproj/InfoPlist.strings"; sourceTree = "<group>"; };
		23C135291FA8692D00659196 /* ru */ = {isa = PBXFileReference; lastKnownFileType = text.plist.strings; name = ru; path = "GCF & GCM Calculator++/ru.lproj/InfoPlist.strings"; sourceTree = "<group>"; };
		23C1352A1FA8692F00659196 /* es */ = {isa = PBXFileReference; lastKnownFileType = text.plist.strings; name = es; path = "GCF & GCM Calculator++/es.lproj/InfoPlist.strings"; sourceTree = "<group>"; };
		23C1352B1FA8693100659196 /* vi */ = {isa = PBXFileReference; lastKnownFileType = text.plist.strings; name = vi; path = "GCF & GCM Calculator++/vi.lproj/InfoPlist.strings"; sourceTree = "<group>"; };
		23C1352C1FA8693E00659196 /* de */ = {isa = PBXFileReference; lastKnownFileType = text.plist.strings; name = de; path = "GCF & GCM Calculator++/de.lproj/Localizable.strings"; sourceTree = "<group>"; };
		23C1352D1FA8695500659196 /* vi */ = {isa = PBXFileReference; lastKnownFileType = text.plist.strings; name = vi; path = "GCF & GCM Calculator++/vi.lproj/Localizable.strings"; sourceTree = "<group>"; };
		23C1352E1FA8695700659196 /* es */ = {isa = PBXFileReference; lastKnownFileType = text.plist.strings; name = es; path = "GCF & GCM Calculator++/es.lproj/Localizable.strings"; sourceTree = "<group>"; };
		23C1352F1FA8695C00659196 /* ru */ = {isa = PBXFileReference; lastKnownFileType = text.plist.strings; name = ru; path = "GCF & GCM Calculator++/ru.lproj/Localizable.strings"; sourceTree = "<group>"; };
		23C135301FA8695E00659196 /* pt */ = {isa = PBXFileReference; lastKnownFileType = text.plist.strings; name = pt; path = "GCF & GCM Calculator++/pt.lproj/Localizable.strings"; sourceTree = "<group>"; };
		23C135311FA8696000659196 /* ko */ = {isa = PBXFileReference; lastKnownFileType = text.plist.strings; name = ko; path = "GCF & GCM Calculator++/ko.lproj/Localizable.strings"; sourceTree = "<group>"; };
		23C135321FA8696200659196 /* ja */ = {isa = PBXFileReference; lastKnownFileType = text.plist.strings; name = ja; path = "GCF & GCM Calculator++/ja.lproj/Localizable.strings"; sourceTree = "<group>"; };
		23C135331FA8696400659196 /* it */ = {isa = PBXFileReference; lastKnownFileType = text.plist.strings; name = it; path = "GCF & GCM Calculator++/it.lproj/Localizable.strings"; sourceTree = "<group>"; };
		23C135341FA8696600659196 /* id */ = {isa = PBXFileReference; lastKnownFileType = text.plist.strings; name = id; path = "GCF & GCM Calculator++/id.lproj/Localizable.strings"; sourceTree = "<group>"; };
		23C135431FA86B2D00659196 /* Base */ = {isa = PBXFileReference; lastKnownFileType = text.plist.strings; name = Base; path = "GCF & GCM Calculator++/Base.lproj/InfoPlist.strings"; sourceTree = "<group>"; };
		23C135441FA86B3300659196 /* Base */ = {isa = PBXFileReference; lastKnownFileType = text.plist.strings; name = Base; path = "GCF & GCM Calculator++/Base.lproj/Localizable.strings"; sourceTree = "<group>"; };
		23C135461FA86B6400659196 /* Base */ = {isa = PBXFileReference; lastKnownFileType = file.storyboard; name = Base; path = Base.lproj/LaunchScreen.storyboard; sourceTree = "<group>"; };
		23C135491FA86B9E00659196 /* Base */ = {isa = PBXFileReference; lastKnownFileType = file.storyboard; name = Base; path = Base.lproj/Main.storyboard; sourceTree = "<group>"; };
		23C2D5111FA7377900089C8F /* fr */ = {isa = PBXFileReference; lastKnownFileType = text.plist.strings; name = fr; path = "GCF & GCM Calculator++/fr.lproj/Localizable.strings"; sourceTree = "<group>"; };
		23C2D5121FA7377900089C8F /* fr */ = {isa = PBXFileReference; lastKnownFileType = text.plist.strings; name = fr; path = "GCF & GCM Calculator++/fr.lproj/InfoPlist.strings"; sourceTree = "<group>"; };
		23D6D8A31FA9B3FD00243F5D /* zh-Hans */ = {isa = PBXFileReference; lastKnownFileType = text.plist.strings; name = "zh-Hans"; path = "GCF & GCM Calculator++/zh-Hans.lproj/Localizable.strings"; sourceTree = "<group>"; };
		23D6D8A41FA9B3FD00243F5D /* zh-Hans */ = {isa = PBXFileReference; lastKnownFileType = text.plist.strings; name = "zh-Hans"; path = "GCF & GCM Calculator++/zh-Hans.lproj/InfoPlist.strings"; sourceTree = "<group>"; };
		23D6D8A51FA9B40300243F5D /* zh-Hant */ = {isa = PBXFileReference; lastKnownFileType = text.plist.strings; name = "zh-Hant"; path = "GCF & GCM Calculator++/zh-Hant.lproj/Localizable.strings"; sourceTree = "<group>"; };
		23D6D8A61FA9B40300243F5D /* zh-Hant */ = {isa = PBXFileReference; lastKnownFileType = text.plist.strings; name = "zh-Hant"; path = "GCF & GCM Calculator++/zh-Hant.lproj/InfoPlist.strings"; sourceTree = "<group>"; };
		23D6D8A71FA9B93B00243F5D /* GoogleMobileAds.framework */ = {isa = PBXFileReference; lastKnownFileType = wrapper.framework; path = GoogleMobileAds.framework; sourceTree = "<group>"; };
		23E9140E1FA7035E00F79C0E /* HomeViewController.swift */ = {isa = PBXFileReference; fileEncoding = 4; lastKnownFileType = sourcecode.swift; path = HomeViewController.swift; sourceTree = "<group>"; };
		23E9145A1FA7248600F79C0E /* TPKeyboardAvoidingCollectionView.h */ = {isa = PBXFileReference; fileEncoding = 4; lastKnownFileType = sourcecode.c.h; path = TPKeyboardAvoidingCollectionView.h; sourceTree = "<group>"; };
		23E9145B1FA7248600F79C0E /* TPKeyboardAvoidingCollectionView.m */ = {isa = PBXFileReference; fileEncoding = 4; lastKnownFileType = sourcecode.c.objc; path = TPKeyboardAvoidingCollectionView.m; sourceTree = "<group>"; };
		23E9145C1FA7248600F79C0E /* TPKeyboardAvoidingScrollView.h */ = {isa = PBXFileReference; fileEncoding = 4; lastKnownFileType = sourcecode.c.h; path = TPKeyboardAvoidingScrollView.h; sourceTree = "<group>"; };
		23E9145D1FA7248600F79C0E /* TPKeyboardAvoidingScrollView.m */ = {isa = PBXFileReference; fileEncoding = 4; lastKnownFileType = sourcecode.c.objc; path = TPKeyboardAvoidingScrollView.m; sourceTree = "<group>"; };
		23E9145E1FA7248600F79C0E /* TPKeyboardAvoidingTableView.h */ = {isa = PBXFileReference; fileEncoding = 4; lastKnownFileType = sourcecode.c.h; path = TPKeyboardAvoidingTableView.h; sourceTree = "<group>"; };
		23E9145F1FA7248600F79C0E /* TPKeyboardAvoidingTableView.m */ = {isa = PBXFileReference; fileEncoding = 4; lastKnownFileType = sourcecode.c.objc; path = TPKeyboardAvoidingTableView.m; sourceTree = "<group>"; };
		23E914601FA7248600F79C0E /* UIScrollView+TPKeyboardAvoidingAdditions.h */ = {isa = PBXFileReference; fileEncoding = 4; lastKnownFileType = sourcecode.c.h; path = "UIScrollView+TPKeyboardAvoidingAdditions.h"; sourceTree = "<group>"; };
		23E914611FA7248600F79C0E /* UIScrollView+TPKeyboardAvoidingAdditions.m */ = {isa = PBXFileReference; fileEncoding = 4; lastKnownFileType = sourcecode.c.objc; path = "UIScrollView+TPKeyboardAvoidingAdditions.m"; sourceTree = "<group>"; };
/* End PBXFileReference section */

/* Begin PBXFrameworksBuildPhase section */
		232A8B4F1FA6C5E700A76143 /* Frameworks */ = {
			isa = PBXFrameworksBuildPhase;
			buildActionMask = 2147483647;
			files = (
				23D6D8A81FA9B93B00243F5D /* GoogleMobileAds.framework in Frameworks */,
			);
			runOnlyForDeploymentPostprocessing = 0;
		};
/* End PBXFrameworksBuildPhase section */

/* Begin PBXGroup section */
		232A8B491FA6C5E700A76143 = {
			isa = PBXGroup;
			children = (
				23E914591FA7248600F79C0E /* TPKeyboardAvoiding */,
				232A8B541FA6C5E700A76143 /* GCF & GCM Calculator++ */,
				232A8B531FA6C5E700A76143 /* Products */,
				23D6D8A71FA9B93B00243F5D /* GoogleMobileAds.framework */,
			);
			sourceTree = "<group>";
		};
		232A8B531FA6C5E700A76143 /* Products */ = {
			isa = PBXGroup;
			children = (
				232A8B521FA6C5E700A76143 /* GCF & GCM Calculator++.app */,
			);
			name = Products;
			sourceTree = "<group>";
		};
		232A8B541FA6C5E700A76143 /* GCF & GCM Calculator++ */ = {
			isa = PBXGroup;
			children = (
				23E914191FA714D700F79C0E /* Localizable.strings */,
				23E914161FA714D200F79C0E /* InfoPlist.strings */,
				232A8B551FA6C5E700A76143 /* AppDelegate.swift */,
				232A8B6B1FA6CF7900A76143 /* CalculatorUtilities.swift */,
				232A8B691FA6CB6600A76143 /* MainTableViewCell.swift */,
				232A8B671FA6CA6200A76143 /* MainViewController.swift */,
				23E9140E1FA7035E00F79C0E /* HomeViewController.swift */,
				232A8B5C1FA6C5E700A76143 /* Assets.xcassets */,
				23C135481FA86B9E00659196 /* Main.storyboard */,
				23C135451FA86B6400659196 /* LaunchScreen.storyboard */,
				232A8B611FA6C5E700A76143 /* Info.plist */,
			);
			path = "GCF & GCM Calculator++";
			sourceTree = "<group>";
		};
		23E914591FA7248600F79C0E /* TPKeyboardAvoiding */ = {
			isa = PBXGroup;
			children = (
				23E9145A1FA7248600F79C0E /* TPKeyboardAvoidingCollectionView.h */,
				23E9145B1FA7248600F79C0E /* TPKeyboardAvoidingCollectionView.m */,
				23E9145C1FA7248600F79C0E /* TPKeyboardAvoidingScrollView.h */,
				23E9145D1FA7248600F79C0E /* TPKeyboardAvoidingScrollView.m */,
				23E9145E1FA7248600F79C0E /* TPKeyboardAvoidingTableView.h */,
				23E9145F1FA7248600F79C0E /* TPKeyboardAvoidingTableView.m */,
				23E914601FA7248600F79C0E /* UIScrollView+TPKeyboardAvoidingAdditions.h */,
				23E914611FA7248600F79C0E /* UIScrollView+TPKeyboardAvoidingAdditions.m */,
			);
			path = TPKeyboardAvoiding;
			sourceTree = "<group>";
		};
/* End PBXGroup section */

/* Begin PBXNativeTarget section */
		232A8B511FA6C5E700A76143 /* GCF & GCM Calculator++ */ = {
			isa = PBXNativeTarget;
			buildConfigurationList = 232A8B641FA6C5E700A76143 /* Build configuration list for PBXNativeTarget "GCF & GCM Calculator++" */;
			buildPhases = (
				232A8B4E1FA6C5E700A76143 /* Sources */,
				232A8B4F1FA6C5E700A76143 /* Frameworks */,
				232A8B501FA6C5E700A76143 /* Resources */,
			);
			buildRules = (
			);
			dependencies = (
			);
			name = "GCF & GCM Calculator++";
			productName = "GCF & GCM Calculator++";
			productReference = 232A8B521FA6C5E700A76143 /* GCF & GCM Calculator++.app */;
			productType = "com.apple.product-type.application";
		};
/* End PBXNativeTarget section */

/* Begin PBXProject section */
		232A8B4A1FA6C5E700A76143 /* Project object */ = {
			isa = PBXProject;
			attributes = {
				LastSwiftUpdateCheck = 0830;
				LastUpgradeCheck = 0900;
				ORGANIZATIONNAME = DaiTranDev;
				TargetAttributes = {
					232A8B511FA6C5E700A76143 = {
						CreatedOnToolsVersion = 8.3.3;
						DevelopmentTeam = B8SW848K42;
						LastSwiftMigration = 0900;
						ProvisioningStyle = Automatic;
					};
				};
			};
			buildConfigurationList = 232A8B4D1FA6C5E700A76143 /* Build configuration list for PBXProject "GCF & GCM Calculator++" */;
			compatibilityVersion = "Xcode 3.2";
			developmentRegion = English;
			hasScannedForEncodings = 0;
			knownRegions = (
				en,
				Base,
				fr,
				de,
				id,
				it,
				ja,
				ko,
				pt,
				ru,
				es,
				vi,
				"zh-Hans",
				"zh-Hant",
			);
			mainGroup = 232A8B491FA6C5E700A76143;
			productRefGroup = 232A8B531FA6C5E700A76143 /* Products */;
			projectDirPath = "";
			projectRoot = "";
			targets = (
				232A8B511FA6C5E700A76143 /* GCF & GCM Calculator++ */,
			);
		};
/* End PBXProject section */

/* Begin PBXResourcesBuildPhase section */
		232A8B501FA6C5E700A76143 /* Resources */ = {
			isa = PBXResourcesBuildPhase;
			buildActionMask = 2147483647;
			files = (
				23E914171FA714D700F79C0E /* Localizable.strings in Resources */,
				23C1354A1FA86B9E00659196 /* Main.storyboard in Resources */,
				23C135471FA86B6400659196 /* LaunchScreen.storyboard in Resources */,
				23E914141FA714D200F79C0E /* InfoPlist.strings in Resources */,
				232A8B5D1FA6C5E700A76143 /* Assets.xcassets in Resources */,
			);
			runOnlyForDeploymentPostprocessing = 0;
		};
/* End PBXResourcesBuildPhase section */

/* Begin PBXSourcesBuildPhase section */
		232A8B4E1FA6C5E700A76143 /* Sources */ = {
			isa = PBXSourcesBuildPhase;
			buildActionMask = 2147483647;
			files = (
				23E914631FA7248600F79C0E /* TPKeyboardAvoidingScrollView.m in Sources */,
				23E914641FA7248600F79C0E /* TPKeyboardAvoidingTableView.m in Sources */,
				23E9140F1FA7035E00F79C0E /* HomeViewController.swift in Sources */,
				232A8B561FA6C5E700A76143 /* AppDelegate.swift in Sources */,
				23E914651FA7248600F79C0E /* UIScrollView+TPKeyboardAvoidingAdditions.m in Sources */,
				232A8B6A1FA6CB6600A76143 /* MainTableViewCell.swift in Sources */,
				232A8B6C1FA6CF7900A76143 /* CalculatorUtilities.swift in Sources */,
				23E914621FA7248600F79C0E /* TPKeyboardAvoidingCollectionView.m in Sources */,
				232A8B681FA6CA6200A76143 /* MainViewController.swift in Sources */,
			);
			runOnlyForDeploymentPostprocessing = 0;
		};
/* End PBXSourcesBuildPhase section */

/* Begin PBXVariantGroup section */
		23C135451FA86B6400659196 /* LaunchScreen.storyboard */ = {
			isa = PBXVariantGroup;
			children = (
				23C135461FA86B6400659196 /* Base */,
			);
			name = LaunchScreen.storyboard;
			sourceTree = "<group>";
		};
		23C135481FA86B9E00659196 /* Main.storyboard */ = {
			isa = PBXVariantGroup;
			children = (
				23C135491FA86B9E00659196 /* Base */,
			);
			name = Main.storyboard;
			sourceTree = "<group>";
		};
		23E914161FA714D200F79C0E /* InfoPlist.strings */ = {
			isa = PBXVariantGroup;
			children = (
				23C2D5121FA7377900089C8F /* fr */,
				23C135221FA868F900659196 /* en */,
				23C135231FA8690700659196 /* de */,
				23C135241FA8691400659196 /* id */,
				23C135251FA8692600659196 /* it */,
				23C135261FA8692800659196 /* ja */,
				23C135271FA8692900659196 /* ko */,
				23C135281FA8692B00659196 /* pt */,
				23C135291FA8692D00659196 /* ru */,
				23C1352A1FA8692F00659196 /* es */,
				23C1352B1FA8693100659196 /* vi */,
				23C135431FA86B2D00659196 /* Base */,
				23D6D8A41FA9B3FD00243F5D /* zh-Hans */,
				23D6D8A61FA9B40300243F5D /* zh-Hant */,
			);
			name = InfoPlist.strings;
			path = ..;
			sourceTree = "<group>";
		};
		23E914191FA714D700F79C0E /* Localizable.strings */ = {
			isa = PBXVariantGroup;
			children = (
				23C2D5111FA7377900089C8F /* fr */,
				23C135211FA868A200659196 /* en */,
				23C1352C1FA8693E00659196 /* de */,
				23C1352D1FA8695500659196 /* vi */,
				23C1352E1FA8695700659196 /* es */,
				23C1352F1FA8695C00659196 /* ru */,
				23C135301FA8695E00659196 /* pt */,
				23C135311FA8696000659196 /* ko */,
				23C135321FA8696200659196 /* ja */,
				23C135331FA8696400659196 /* it */,
				23C135341FA8696600659196 /* id */,
				23C135441FA86B3300659196 /* Base */,
				23D6D8A31FA9B3FD00243F5D /* zh-Hans */,
				23D6D8A51FA9B40300243F5D /* zh-Hant */,
			);
			name = Localizable.strings;
			path = ..;
			sourceTree = "<group>";
		};
/* End PBXVariantGroup section */

/* Begin XCBuildConfiguration section */
		232A8B621FA6C5E700A76143 /* Debug */ = {
			isa = XCBuildConfiguration;
			buildSettings = {
				ALWAYS_SEARCH_USER_PATHS = NO;
				CLANG_ANALYZER_LOCALIZABILITY_NONLOCALIZED = YES;
				CLANG_ANALYZER_NONNULL = YES;
				CLANG_ANALYZER_NUMBER_OBJECT_CONVERSION = YES_AGGRESSIVE;
				CLANG_CXX_LANGUAGE_STANDARD = "gnu++0x";
				CLANG_CXX_LIBRARY = "libc++";
				CLANG_ENABLE_MODULES = YES;
				CLANG_ENABLE_OBJC_ARC = YES;
				CLANG_WARN_BLOCK_CAPTURE_AUTORELEASING = YES;
				CLANG_WARN_BOOL_CONVERSION = YES;
				CLANG_WARN_COMMA = YES;
				CLANG_WARN_CONSTANT_CONVERSION = YES;
				CLANG_WARN_DIRECT_OBJC_ISA_USAGE = YES_ERROR;
				CLANG_WARN_DOCUMENTATION_COMMENTS = YES;
				CLANG_WARN_EMPTY_BODY = YES;
				CLANG_WARN_ENUM_CONVERSION = YES;
				CLANG_WARN_INFINITE_RECURSION = YES;
				CLANG_WARN_INT_CONVERSION = YES;
				CLANG_WARN_NON_LITERAL_NULL_CONVERSION = YES;
				CLANG_WARN_OBJC_LITERAL_CONVERSION = YES;
				CLANG_WARN_OBJC_ROOT_CLASS = YES_ERROR;
				CLANG_WARN_RANGE_LOOP_ANALYSIS = YES;
				CLANG_WARN_STRICT_PROTOTYPES = YES;
				CLANG_WARN_SUSPICIOUS_MOVE = YES;
				CLANG_WARN_UNREACHABLE_CODE = YES;
				CLANG_WARN__DUPLICATE_METHOD_MATCH = YES;
				"CODE_SIGN_IDENTITY[sdk=iphoneos*]" = "iPhone Developer";
				COPY_PHASE_STRIP = NO;
				DEBUG_INFORMATION_FORMAT = dwarf;
				ENABLE_STRICT_OBJC_MSGSEND = YES;
				ENABLE_TESTABILITY = YES;
				GCC_C_LANGUAGE_STANDARD = gnu99;
				GCC_DYNAMIC_NO_PIC = NO;
				GCC_NO_COMMON_BLOCKS = YES;
				GCC_OPTIMIZATION_LEVEL = 0;
				GCC_PREPROCESSOR_DEFINITIONS = (
					"DEBUG=1",
					"$(inherited)",
				);
				GCC_WARN_64_TO_32_BIT_CONVERSION = YES;
				GCC_WARN_ABOUT_RETURN_TYPE = YES_ERROR;
				GCC_WARN_UNDECLARED_SELECTOR = YES;
				GCC_WARN_UNINITIALIZED_AUTOS = YES_AGGRESSIVE;
				GCC_WARN_UNUSED_FUNCTION = YES;
				GCC_WARN_UNUSED_VARIABLE = YES;
				IPHONEOS_DEPLOYMENT_TARGET = 9.0;
				MTL_ENABLE_DEBUG_INFO = YES;
				ONLY_ACTIVE_ARCH = YES;
				SDKROOT = iphoneos;
				SWIFT_ACTIVE_COMPILATION_CONDITIONS = DEBUG;
				SWIFT_OPTIMIZATION_LEVEL = "-Onone";
				TARGETED_DEVICE_FAMILY = "1,2";
			};
			name = Debug;
		};
		232A8B631FA6C5E700A76143 /* Release */ = {
			isa = XCBuildConfiguration;
			buildSettings = {
				ALWAYS_SEARCH_USER_PATHS = NO;
				CLANG_ANALYZER_LOCALIZABILITY_NONLOCALIZED = YES;
				CLANG_ANALYZER_NONNULL = YES;
				CLANG_ANALYZER_NUMBER_OBJECT_CONVERSION = YES_AGGRESSIVE;
				CLANG_CXX_LANGUAGE_STANDARD = "gnu++0x";
				CLANG_CXX_LIBRARY = "libc++";
				CLANG_ENABLE_MODULES = YES;
				CLANG_ENABLE_OBJC_ARC = YES;
				CLANG_WARN_BLOCK_CAPTURE_AUTORELEASING = YES;
				CLANG_WARN_BOOL_CONVERSION = YES;
				CLANG_WARN_COMMA = YES;
				CLANG_WARN_CONSTANT_CONVERSION = YES;
				CLANG_WARN_DIRECT_OBJC_ISA_USAGE = YES_ERROR;
				CLANG_WARN_DOCUMENTATION_COMMENTS = YES;
				CLANG_WARN_EMPTY_BODY = YES;
				CLANG_WARN_ENUM_CONVERSION = YES;
				CLANG_WARN_INFINITE_RECURSION = YES;
				CLANG_WARN_INT_CONVERSION = YES;
				CLANG_WARN_NON_LITERAL_NULL_CONVERSION = YES;
				CLANG_WARN_OBJC_LITERAL_CONVERSION = YES;
				CLANG_WARN_OBJC_ROOT_CLASS = YES_ERROR;
				CLANG_WARN_RANGE_LOOP_ANALYSIS = YES;
				CLANG_WARN_STRICT_PROTOTYPES = YES;
				CLANG_WARN_SUSPICIOUS_MOVE = YES;
				CLANG_WARN_UNREACHABLE_CODE = YES;
				CLANG_WARN__DUPLICATE_METHOD_MATCH = YES;
				"CODE_SIGN_IDENTITY[sdk=iphoneos*]" = "iPhone Developer";
				COPY_PHASE_STRIP = NO;
				DEBUG_INFORMATION_FORMAT = "dwarf-with-dsym";
				ENABLE_NS_ASSERTIONS = NO;
				ENABLE_STRICT_OBJC_MSGSEND = YES;
				GCC_C_LANGUAGE_STANDARD = gnu99;
				GCC_NO_COMMON_BLOCKS = YES;
				GCC_WARN_64_TO_32_BIT_CONVERSION = YES;
				GCC_WARN_ABOUT_RETURN_TYPE = YES_ERROR;
				GCC_WARN_UNDECLARED_SELECTOR = YES;
				GCC_WARN_UNINITIALIZED_AUTOS = YES_AGGRESSIVE;
				GCC_WARN_UNUSED_FUNCTION = YES;
				GCC_WARN_UNUSED_VARIABLE = YES;
				IPHONEOS_DEPLOYMENT_TARGET = 9.0;
				MTL_ENABLE_DEBUG_INFO = NO;
				SDKROOT = iphoneos;
				SWIFT_OPTIMIZATION_LEVEL = "-Owholemodule";
				TARGETED_DEVICE_FAMILY = "1,2";
				VALIDATE_PRODUCT = YES;
			};
			name = Release;
		};
		232A8B651FA6C5E700A76143 /* Debug */ = {
			isa = XCBuildConfiguration;
			buildSettings = {
				ASSETCATALOG_COMPILER_APPICON_NAME = AppIcon;
				DEVELOPMENT_TEAM = B8SW848K42;
				FRAMEWORK_SEARCH_PATHS = (
					"$(inherited)",
					"$(PROJECT_DIR)",
				);
				INFOPLIST_FILE = "GCF & GCM Calculator++/Info.plist";
				IPHONEOS_DEPLOYMENT_TARGET = 9.0;
				LD_RUNPATH_SEARCH_PATHS = "$(inherited) @executable_path/Frameworks";
				PRODUCT_BUNDLE_IDENTIFIER = "com.DaiTranDev.GCF-LCM";
				PRODUCT_NAME = "$(TARGET_NAME)";
				SWIFT_SWIFT3_OBJC_INFERENCE = Default;
				SWIFT_VERSION = 4.0;
			};
			name = Debug;
		};
		232A8B661FA6C5E700A76143 /* Release */ = {
			isa = XCBuildConfiguration;
			buildSettings = {
				ASSETCATALOG_COMPILER_APPICON_NAME = AppIcon;
				DEVELOPMENT_TEAM = B8SW848K42;
				FRAMEWORK_SEARCH_PATHS = (
					"$(inherited)",
					"$(PROJECT_DIR)",
				);
				INFOPLIST_FILE = "GCF & GCM Calculator++/Info.plist";
				IPHONEOS_DEPLOYMENT_TARGET = 9.0;
				LD_RUNPATH_SEARCH_PATHS = "$(inherited) @executable_path/Frameworks";
				PRODUCT_BUNDLE_IDENTIFIER = "com.DaiTranDev.GCF-LCM";
				PRODUCT_NAME = "$(TARGET_NAME)";
				SWIFT_SWIFT3_OBJC_INFERENCE = Default;
				SWIFT_VERSION = 4.0;
			};
			name = Release;
		};
/* End XCBuildConfiguration section */

/* Begin XCConfigurationList section */
		232A8B4D1FA6C5E700A76143 /* Build configuration list for PBXProject "GCF & GCM Calculator++" */ = {
			isa = XCConfigurationList;
			buildConfigurations = (
				232A8B621FA6C5E700A76143 /* Debug */,
				232A8B631FA6C5E700A76143 /* Release */,
			);
			defaultConfigurationIsVisible = 0;
			defaultConfigurationName = Release;
		};
		232A8B641FA6C5E700A76143 /* Build configuration list for PBXNativeTarget "GCF & GCM Calculator++" */ = {
			isa = XCConfigurationList;
			buildConfigurations = (
				232A8B651FA6C5E700A76143 /* Debug */,
				232A8B661FA6C5E700A76143 /* Release */,
			);
			defaultConfigurationIsVisible = 0;
			defaultConfigurationName = Release;
		};
/* End XCConfigurationList section */
	};
	rootObject = 232A8B4A1FA6C5E700A76143 /* Project object */;
}
